
Microsoft Visual Studio Solution File, Format Version 12.00
# Visual Studio 15
VisualStudioVersion = 15.0.28307.1022
MinimumVisualStudioVersion = 10.0.40219.1
Project("{FAE04EC0-301F-11D3-BF4B-00C04F79EFBC}") = "LoginForm", "LoginForm\LoginForm.csproj", "{A81B4A45-94DA-41BA-B149-9613CEA87E56}"
EndProject
Global
	GlobalSection(SolutionConfigurationPlatforms) = preSolution
		Debug|Any CPU = Debug|Any CPU
		Release|Any CPU = Release|Any CPU
	EndGlobalSection
	GlobalSection(ProjectConfigurationPlatforms) = postSolution
		{A81B4A45-94DA-41BA-B149-9613CEA87E56}.Debug|Any CPU.ActiveCfg = Debug|Any CPU
		{A81B4A45-94DA-41BA-B149-9613CEA87E56}.Debug|Any CPU.Build.0 = Debug|Any CPU
		{A81B4A45-94DA-41BA-B149-9613CEA87E56}.Release|Any CPU.ActiveCfg = Release|Any CPU
		{A81B4A45-94DA-41BA-B149-9613CEA87E56}.Release|Any CPU.Build.0 = Release|Any CPU
	EndGlobalSection
	GlobalSection(SolutionProperties) = preSolution
		HideSolutionNode = FALSE
	EndGlobalSection
	GlobalSection(ExtensibilityGlobals) = postSolution
		SolutionGuid = {E5F20224-EFFE-4BA4-83D7-5588E1045F88}
	EndGlobalSection
EndGlobal
